
Microsoft Visual Studio Solution File, Format Version 12.00
# Visual Studio Version 17
VisualStudioVersion = 17.4.33205.214
MinimumVisualStudioVersion = 10.0.40219.1
Project("{FAE04EC0-301F-11D3-BF4B-00C04F79EFBC}") = "ProductApi", "ProductApi\ProductApi.csproj", "{D9909F3A-DE50-47F5-A414-3EF169F36143}"
EndProject
Global
	GlobalSection(SolutionConfigurationPlatforms) = preSolution
		Debug|Any CPU = Debug|Any CPU
		Release|Any CPU = Release|Any CPU
	EndGlobalSection
	GlobalSection(ProjectConfigurationPlatforms) = postSolution
		{D9909F3A-DE50-47F5-A414-3EF169F36143}.Debug|Any CPU.ActiveCfg = Debug|Any CPU
		{D9909F3A-DE50-47F5-A414-3EF169F36143}.Debug|Any CPU.Build.0 = Debug|Any CPU
		{D9909F3A-DE50-47F5-A414-3EF169F36143}.Release|Any CPU.ActiveCfg = Release|Any CPU
		{D9909F3A-DE50-47F5-A414-3EF169F36143}.Release|Any CPU.Build.0 = Release|Any CPU
	EndGlobalSection
	GlobalSection(SolutionProperties) = preSolution
		HideSolutionNode = FALSE
	EndGlobalSection
	GlobalSection(ExtensibilityGlobals) = postSolution
		SolutionGuid = {94EF1AE2-7B65-43AA-BE54-10C2E4E74D5C}
	EndGlobalSection
EndGlobal
